
Microsoft Visual Studio Solution File, Format Version 12.00
# Visual Studio 15
VisualStudioVersion = 15.0.26403.7
MinimumVisualStudioVersion = 10.0.40219.1
Project("{FAE04EC0-301F-11D3-BF4B-00C04F79EFBC}") = "GoogleTest", "GoogleTest\GoogleTest.csproj", "{D68462AD-4ADA-402F-97B8-4DD7304B209C}"
EndProject
Project("{2150E333-8FDC-42A3-9474-1A3956D46DE8}") = "Solution Items", "Solution Items", "{0F4E7A45-9868-4A8A-970B-9D5ECC036608}"
	ProjectSection(SolutionItems) = preProject
		ReadMe.txt = ReadMe.txt
	EndProjectSection
EndProject
Global
	GlobalSection(SolutionConfigurationPlatforms) = preSolution
		Debug|Any CPU = Debug|Any CPU
		Release|Any CPU = Release|Any CPU
	EndGlobalSection
	GlobalSection(ProjectConfigurationPlatforms) = postSolution
		{D68462AD-4ADA-402F-97B8-4DD7304B209C}.Debug|Any CPU.ActiveCfg = Debug|Any CPU
		{D68462AD-4ADA-402F-97B8-4DD7304B209C}.Debug|Any CPU.Build.0 = Debug|Any CPU
		{D68462AD-4ADA-402F-97B8-4DD7304B209C}.Release|Any CPU.ActiveCfg = Release|Any CPU
		{D68462AD-4ADA-402F-97B8-4DD7304B209C}.Release|Any CPU.Build.0 = Release|Any CPU
	EndGlobalSection
	GlobalSection(SolutionProperties) = preSolution
		HideSolutionNode = FALSE
	EndGlobalSection
EndGlobal
